
Microsoft Visual Studio Solution File, Format Version 12.00
# Visual Studio Version 17
VisualStudioVersion = 17.5.002.0
MinimumVisualStudioVersion = 10.0.40219.1
Project("{9A19103F-16F7-4668-BE54-9A1E7A4F7556}") = "Catalog.API", "Catalog.API\Catalog.API.csproj", "{C43AC861-72BD-475D-87AE-A88A844BE295}"
EndProject
Global
	GlobalSection(SolutionConfigurationPlatforms) = preSolution
		Debug|Any CPU = Debug|Any CPU
		Release|Any CPU = Release|Any CPU
	EndGlobalSection
	GlobalSection(ProjectConfigurationPlatforms) = postSolution
		{C43AC861-72BD-475D-87AE-A88A844BE295}.Debug|Any CPU.ActiveCfg = Debug|Any CPU
		{C43AC861-72BD-475D-87AE-A88A844BE295}.Debug|Any CPU.Build.0 = Debug|Any CPU
		{C43AC861-72BD-475D-87AE-A88A844BE295}.Release|Any CPU.ActiveCfg = Release|Any CPU
		{C43AC861-72BD-475D-87AE-A88A844BE295}.Release|Any CPU.Build.0 = Release|Any CPU
	EndGlobalSection
	GlobalSection(SolutionProperties) = preSolution
		HideSolutionNode = FALSE
	EndGlobalSection
	GlobalSection(ExtensibilityGlobals) = postSolution
		SolutionGuid = {9AF7FB98-C8BF-4061-864C-5C1515EF0B6D}
	EndGlobalSection
EndGlobal
