
Microsoft Visual Studio Solution File, Format Version 12.00
# Visual Studio Version 17
VisualStudioVersion = 17.0.31903.59
MinimumVisualStudioVersion = 10.0.40219.1
Project("{9A19103F-16F7-4668-BE54-9A1E7A4F7556}") = "Reactivities.API", "Reactivities.API\Reactivities.API.csproj", "{EBA1720D-3615-4D0F-972C-A6388BB04BB4}"
EndProject
Project("{9A19103F-16F7-4668-BE54-9A1E7A4F7556}") = "Reactivities.Application", "Reactivities.Application\Reactivities.Application.csproj", "{06247989-B9D5-4631-85B1-FBE7C51D5B9D}"
EndProject
Project("{9A19103F-16F7-4668-BE54-9A1E7A4F7556}") = "Reactivities.Domain", "Reactivities.Domain\Reactivities.Domain.csproj", "{19B589FA-0CDD-4A37-A484-07478CE87D34}"
EndProject
Project("{9A19103F-16F7-4668-BE54-9A1E7A4F7556}") = "Reactivities.Persistence", "Reactivities.Persistence\Reactivities.Persistence.csproj", "{08A32275-69F1-4C98-B8B4-BDD51BD1686B}"
EndProject
Global
	GlobalSection(SolutionConfigurationPlatforms) = preSolution
		Debug|Any CPU = Debug|Any CPU
		Release|Any CPU = Release|Any CPU
	EndGlobalSection
	GlobalSection(ProjectConfigurationPlatforms) = postSolution
		{EBA1720D-3615-4D0F-972C-A6388BB04BB4}.Debug|Any CPU.ActiveCfg = Debug|Any CPU
		{EBA1720D-3615-4D0F-972C-A6388BB04BB4}.Debug|Any CPU.Build.0 = Debug|Any CPU
		{EBA1720D-3615-4D0F-972C-A6388BB04BB4}.Release|Any CPU.ActiveCfg = Release|Any CPU
		{EBA1720D-3615-4D0F-972C-A6388BB04BB4}.Release|Any CPU.Build.0 = Release|Any CPU
		{06247989-B9D5-4631-85B1-FBE7C51D5B9D}.Debug|Any CPU.ActiveCfg = Debug|Any CPU
		{06247989-B9D5-4631-85B1-FBE7C51D5B9D}.Debug|Any CPU.Build.0 = Debug|Any CPU
		{06247989-B9D5-4631-85B1-FBE7C51D5B9D}.Release|Any CPU.ActiveCfg = Release|Any CPU
		{06247989-B9D5-4631-85B1-FBE7C51D5B9D}.Release|Any CPU.Build.0 = Release|Any CPU
		{19B589FA-0CDD-4A37-A484-07478CE87D34}.Debug|Any CPU.ActiveCfg = Debug|Any CPU
		{19B589FA-0CDD-4A37-A484-07478CE87D34}.Debug|Any CPU.Build.0 = Debug|Any CPU
		{19B589FA-0CDD-4A37-A484-07478CE87D34}.Release|Any CPU.ActiveCfg = Release|Any CPU
		{19B589FA-0CDD-4A37-A484-07478CE87D34}.Release|Any CPU.Build.0 = Release|Any CPU
		{08A32275-69F1-4C98-B8B4-BDD51BD1686B}.Debug|Any CPU.ActiveCfg = Debug|Any CPU
		{08A32275-69F1-4C98-B8B4-BDD51BD1686B}.Debug|Any CPU.Build.0 = Debug|Any CPU
		{08A32275-69F1-4C98-B8B4-BDD51BD1686B}.Release|Any CPU.ActiveCfg = Release|Any CPU
		{08A32275-69F1-4C98-B8B4-BDD51BD1686B}.Release|Any CPU.Build.0 = Release|Any CPU
	EndGlobalSection
	GlobalSection(SolutionProperties) = preSolution
		HideSolutionNode = FALSE
	EndGlobalSection
EndGlobal
