
Microsoft Visual Studio Solution File, Format Version 12.00
# Visual Studio Version 17
VisualStudioVersion = 17.0.31903.59
MinimumVisualStudioVersion = 10.0.40219.1
Project("{FAE04EC0-301F-11D3-BF4B-00C04F79EFBC}") = "Courses.API", "Courses.API\Courses.API.csproj", "{0C08DA08-55D9-470A-8EAF-AF803712CB8D}"
EndProject
Project("{FAE04EC0-301F-11D3-BF4B-00C04F79EFBC}") = "Courses.Application", "Courses.Application\Courses.Application.csproj", "{820582B8-319B-46B0-A756-CB266ADEBB04}"
EndProject
Project("{FAE04EC0-301F-11D3-BF4B-00C04F79EFBC}") = "Courses.Domain", "Courses.Domain\Courses.Domain.csproj", "{8CA16C5D-3234-401A-9D25-38C866E4EA62}"
EndProject
Project("{FAE04EC0-301F-11D3-BF4B-00C04F79EFBC}") = "Courses.Persistence", "Courses.Persistence\Courses.Persistence.csproj", "{71900EBA-CE1D-43B4-9A25-A1356ED80986}"
EndProject
Project("{FAE04EC0-301F-11D3-BF4B-00C04F79EFBC}") = "Courses.Infrastructure", "Courses.Infrastructure\Courses.Infrastructure.csproj", "{5D2C56F7-91F2-4345-8A43-34F1797A5BA2}"
EndProject
Global
	GlobalSection(SolutionConfigurationPlatforms) = preSolution
		Debug|Any CPU = Debug|Any CPU
		Release|Any CPU = Release|Any CPU
	EndGlobalSection
	GlobalSection(SolutionProperties) = preSolution
		HideSolutionNode = FALSE
	EndGlobalSection
	GlobalSection(ProjectConfigurationPlatforms) = postSolution
		{0C08DA08-55D9-470A-8EAF-AF803712CB8D}.Debug|Any CPU.ActiveCfg = Debug|Any CPU
		{0C08DA08-55D9-470A-8EAF-AF803712CB8D}.Debug|Any CPU.Build.0 = Debug|Any CPU
		{0C08DA08-55D9-470A-8EAF-AF803712CB8D}.Release|Any CPU.ActiveCfg = Release|Any CPU
		{0C08DA08-55D9-470A-8EAF-AF803712CB8D}.Release|Any CPU.Build.0 = Release|Any CPU
		{820582B8-319B-46B0-A756-CB266ADEBB04}.Debug|Any CPU.ActiveCfg = Debug|Any CPU
		{820582B8-319B-46B0-A756-CB266ADEBB04}.Debug|Any CPU.Build.0 = Debug|Any CPU
		{820582B8-319B-46B0-A756-CB266ADEBB04}.Release|Any CPU.ActiveCfg = Release|Any CPU
		{820582B8-319B-46B0-A756-CB266ADEBB04}.Release|Any CPU.Build.0 = Release|Any CPU
		{8CA16C5D-3234-401A-9D25-38C866E4EA62}.Debug|Any CPU.ActiveCfg = Debug|Any CPU
		{8CA16C5D-3234-401A-9D25-38C866E4EA62}.Debug|Any CPU.Build.0 = Debug|Any CPU
		{8CA16C5D-3234-401A-9D25-38C866E4EA62}.Release|Any CPU.ActiveCfg = Release|Any CPU
		{8CA16C5D-3234-401A-9D25-38C866E4EA62}.Release|Any CPU.Build.0 = Release|Any CPU
		{71900EBA-CE1D-43B4-9A25-A1356ED80986}.Debug|Any CPU.ActiveCfg = Debug|Any CPU
		{71900EBA-CE1D-43B4-9A25-A1356ED80986}.Debug|Any CPU.Build.0 = Debug|Any CPU
		{71900EBA-CE1D-43B4-9A25-A1356ED80986}.Release|Any CPU.ActiveCfg = Release|Any CPU
		{71900EBA-CE1D-43B4-9A25-A1356ED80986}.Release|Any CPU.Build.0 = Release|Any CPU
		{5D2C56F7-91F2-4345-8A43-34F1797A5BA2}.Debug|Any CPU.ActiveCfg = Debug|Any CPU
		{5D2C56F7-91F2-4345-8A43-34F1797A5BA2}.Debug|Any CPU.Build.0 = Debug|Any CPU
		{5D2C56F7-91F2-4345-8A43-34F1797A5BA2}.Release|Any CPU.ActiveCfg = Release|Any CPU
		{5D2C56F7-91F2-4345-8A43-34F1797A5BA2}.Release|Any CPU.Build.0 = Release|Any CPU
	EndGlobalSection
EndGlobal
